
Microsoft Visual Studio Solution File, Format Version 12.00
# Visual Studio 15
VisualStudioVersion = 15.0.27703.2042
MinimumVisualStudioVersion = 10.0.40219.1
Project("{FAE04EC0-301F-11D3-BF4B-00C04F79EFBC}") = "Jering.QuickWrap", "src\Quickwrap\Jering.QuickWrap.csproj", "{C5E117F6-7B68-45CF-A75D-E989F822DEA3}"
EndProject
Global
	GlobalSection(SolutionConfigurationPlatforms) = preSolution
		Debug|Any CPU = Debug|Any CPU
		Release|Any CPU = Release|Any CPU
	EndGlobalSection
	GlobalSection(ProjectConfigurationPlatforms) = postSolution
		{C5E117F6-7B68-45CF-A75D-E989F822DEA3}.Debug|Any CPU.ActiveCfg = Debug|Any CPU
		{C5E117F6-7B68-45CF-A75D-E989F822DEA3}.Debug|Any CPU.Build.0 = Debug|Any CPU
		{C5E117F6-7B68-45CF-A75D-E989F822DEA3}.Release|Any CPU.ActiveCfg = Release|Any CPU
		{C5E117F6-7B68-45CF-A75D-E989F822DEA3}.Release|Any CPU.Build.0 = Release|Any CPU
	EndGlobalSection
	GlobalSection(SolutionProperties) = preSolution
		HideSolutionNode = FALSE
	EndGlobalSection
	GlobalSection(ExtensibilityGlobals) = postSolution
		SolutionGuid = {1D2793D2-024E-46F7-A69F-1CE0725FA1FA}
	EndGlobalSection
EndGlobal
